
Microsoft Visual Studio Solution File, Format Version 12.00
# Visual Studio Version 17
VisualStudioVersion = 17.5.33627.172
MinimumVisualStudioVersion = 10.0.40219.1
Project("{FAE04EC0-301F-11D3-BF4B-00C04F79EFBC}") = "倍福读取Demo", "倍福读取Demo.csproj", "{D4DC7770-7B52-43E8-BB46-C3A90349F27A}"
EndProject
Global
	GlobalSection(SolutionConfigurationPlatforms) = preSolution
		Debug|Any CPU = Debug|Any CPU
		Release|Any CPU = Release|Any CPU
	EndGlobalSection
	GlobalSection(ProjectConfigurationPlatforms) = postSolution
		{D4DC7770-7B52-43E8-BB46-C3A90349F27A}.Debug|Any CPU.ActiveCfg = Debug|Any CPU
		{D4DC7770-7B52-43E8-BB46-C3A90349F27A}.Debug|Any CPU.Build.0 = Debug|Any CPU
		{D4DC7770-7B52-43E8-BB46-C3A90349F27A}.Release|Any CPU.ActiveCfg = Release|Any CPU
		{D4DC7770-7B52-43E8-BB46-C3A90349F27A}.Release|Any CPU.Build.0 = Release|Any CPU
	EndGlobalSection
	GlobalSection(SolutionProperties) = preSolution
		HideSolutionNode = FALSE
	EndGlobalSection
	GlobalSection(ExtensibilityGlobals) = postSolution
		SolutionGuid = {5AC341F0-C662-46EB-87C2-1D5B6DAC9D60}
	EndGlobalSection
EndGlobal
